
Microsoft Visual Studio Solution File, Format Version 12.00
# Visual Studio 15
VisualStudioVersion = 15.0.26124.0
MinimumVisualStudioVersion = 15.0.26124.0
Project("{2150E333-8FDC-42A3-9474-1A3956D46DE8}") = "src", "src", "{191D82B0-2D9A-4B2D-87D9-3C70EA635EBB}"
EndProject
Project("{F2A71F9B-5D33-465A-A702-920D77279786}") = "Lease", "src\Lease\Lease.fsproj", "{B90AB966-630A-49C2-9049-3345EE997364}"
EndProject
Project("{F2A71F9B-5D33-465A-A702-920D77279786}") = "Tests", "src\Tests\Tests.fsproj", "{2416D10F-8216-4109-BC2B-5C572CFED3AD}"
EndProject
Global
	GlobalSection(SolutionConfigurationPlatforms) = preSolution
		Debug|Any CPU = Debug|Any CPU
		Debug|x64 = Debug|x64
		Debug|x86 = Debug|x86
		Release|Any CPU = Release|Any CPU
		Release|x64 = Release|x64
		Release|x86 = Release|x86
	EndGlobalSection
	GlobalSection(SolutionProperties) = preSolution
		HideSolutionNode = FALSE
	EndGlobalSection
	GlobalSection(ProjectConfigurationPlatforms) = postSolution
		{B90AB966-630A-49C2-9049-3345EE997364}.Debug|Any CPU.ActiveCfg = Debug|Any CPU
		{B90AB966-630A-49C2-9049-3345EE997364}.Debug|Any CPU.Build.0 = Debug|Any CPU
		{B90AB966-630A-49C2-9049-3345EE997364}.Debug|x64.ActiveCfg = Debug|Any CPU
		{B90AB966-630A-49C2-9049-3345EE997364}.Debug|x64.Build.0 = Debug|Any CPU
		{B90AB966-630A-49C2-9049-3345EE997364}.Debug|x86.ActiveCfg = Debug|Any CPU
		{B90AB966-630A-49C2-9049-3345EE997364}.Debug|x86.Build.0 = Debug|Any CPU
		{B90AB966-630A-49C2-9049-3345EE997364}.Release|Any CPU.ActiveCfg = Release|Any CPU
		{B90AB966-630A-49C2-9049-3345EE997364}.Release|Any CPU.Build.0 = Release|Any CPU
		{B90AB966-630A-49C2-9049-3345EE997364}.Release|x64.ActiveCfg = Release|Any CPU
		{B90AB966-630A-49C2-9049-3345EE997364}.Release|x64.Build.0 = Release|Any CPU
		{B90AB966-630A-49C2-9049-3345EE997364}.Release|x86.ActiveCfg = Release|Any CPU
		{B90AB966-630A-49C2-9049-3345EE997364}.Release|x86.Build.0 = Release|Any CPU
		{2416D10F-8216-4109-BC2B-5C572CFED3AD}.Debug|Any CPU.ActiveCfg = Debug|Any CPU
		{2416D10F-8216-4109-BC2B-5C572CFED3AD}.Debug|Any CPU.Build.0 = Debug|Any CPU
		{2416D10F-8216-4109-BC2B-5C572CFED3AD}.Debug|x64.ActiveCfg = Debug|Any CPU
		{2416D10F-8216-4109-BC2B-5C572CFED3AD}.Debug|x64.Build.0 = Debug|Any CPU
		{2416D10F-8216-4109-BC2B-5C572CFED3AD}.Debug|x86.ActiveCfg = Debug|Any CPU
		{2416D10F-8216-4109-BC2B-5C572CFED3AD}.Debug|x86.Build.0 = Debug|Any CPU
		{2416D10F-8216-4109-BC2B-5C572CFED3AD}.Release|Any CPU.ActiveCfg = Release|Any CPU
		{2416D10F-8216-4109-BC2B-5C572CFED3AD}.Release|Any CPU.Build.0 = Release|Any CPU
		{2416D10F-8216-4109-BC2B-5C572CFED3AD}.Release|x64.ActiveCfg = Release|Any CPU
		{2416D10F-8216-4109-BC2B-5C572CFED3AD}.Release|x64.Build.0 = Release|Any CPU
		{2416D10F-8216-4109-BC2B-5C572CFED3AD}.Release|x86.ActiveCfg = Release|Any CPU
		{2416D10F-8216-4109-BC2B-5C572CFED3AD}.Release|x86.Build.0 = Release|Any CPU
	EndGlobalSection
	GlobalSection(NestedProjects) = preSolution
		{B90AB966-630A-49C2-9049-3345EE997364} = {191D82B0-2D9A-4B2D-87D9-3C70EA635EBB}
		{2416D10F-8216-4109-BC2B-5C572CFED3AD} = {191D82B0-2D9A-4B2D-87D9-3C70EA635EBB}
	EndGlobalSection
EndGlobal
