
Microsoft Visual Studio Solution File, Format Version 12.00
# Visual Studio 15
VisualStudioVersion = 15.0.26124.0
MinimumVisualStudioVersion = 15.0.26124.0
Project("{2150E333-8FDC-42A3-9474-1A3956D46DE8}") = "src", "src", "{C852C6C3-D377-4317-ADF9-80ADA079F647}"
EndProject
Project("{F2A71F9B-5D33-465A-A702-920D77279786}") = "Lease", "src\Lease\Lease.fsproj", "{D33B8F74-DA47-483E-883C-105419774D5B}"
EndProject
Project("{F2A71F9B-5D33-465A-A702-920D77279786}") = "Tests", "src\Tests\Tests.fsproj", "{FBE22555-1D20-4248-B138-9CD853F39C8B}"
EndProject
Global
	GlobalSection(SolutionConfigurationPlatforms) = preSolution
		Debug|Any CPU = Debug|Any CPU
		Debug|x64 = Debug|x64
		Debug|x86 = Debug|x86
		Release|Any CPU = Release|Any CPU
		Release|x64 = Release|x64
		Release|x86 = Release|x86
	EndGlobalSection
	GlobalSection(SolutionProperties) = preSolution
		HideSolutionNode = FALSE
	EndGlobalSection
	GlobalSection(ProjectConfigurationPlatforms) = postSolution
		{D33B8F74-DA47-483E-883C-105419774D5B}.Debug|Any CPU.ActiveCfg = Debug|Any CPU
		{D33B8F74-DA47-483E-883C-105419774D5B}.Debug|Any CPU.Build.0 = Debug|Any CPU
		{D33B8F74-DA47-483E-883C-105419774D5B}.Debug|x64.ActiveCfg = Debug|Any CPU
		{D33B8F74-DA47-483E-883C-105419774D5B}.Debug|x64.Build.0 = Debug|Any CPU
		{D33B8F74-DA47-483E-883C-105419774D5B}.Debug|x86.ActiveCfg = Debug|Any CPU
		{D33B8F74-DA47-483E-883C-105419774D5B}.Debug|x86.Build.0 = Debug|Any CPU
		{D33B8F74-DA47-483E-883C-105419774D5B}.Release|Any CPU.ActiveCfg = Release|Any CPU
		{D33B8F74-DA47-483E-883C-105419774D5B}.Release|Any CPU.Build.0 = Release|Any CPU
		{D33B8F74-DA47-483E-883C-105419774D5B}.Release|x64.ActiveCfg = Release|Any CPU
		{D33B8F74-DA47-483E-883C-105419774D5B}.Release|x64.Build.0 = Release|Any CPU
		{D33B8F74-DA47-483E-883C-105419774D5B}.Release|x86.ActiveCfg = Release|Any CPU
		{D33B8F74-DA47-483E-883C-105419774D5B}.Release|x86.Build.0 = Release|Any CPU
		{FBE22555-1D20-4248-B138-9CD853F39C8B}.Debug|Any CPU.ActiveCfg = Debug|Any CPU
		{FBE22555-1D20-4248-B138-9CD853F39C8B}.Debug|Any CPU.Build.0 = Debug|Any CPU
		{FBE22555-1D20-4248-B138-9CD853F39C8B}.Debug|x64.ActiveCfg = Debug|Any CPU
		{FBE22555-1D20-4248-B138-9CD853F39C8B}.Debug|x64.Build.0 = Debug|Any CPU
		{FBE22555-1D20-4248-B138-9CD853F39C8B}.Debug|x86.ActiveCfg = Debug|Any CPU
		{FBE22555-1D20-4248-B138-9CD853F39C8B}.Debug|x86.Build.0 = Debug|Any CPU
		{FBE22555-1D20-4248-B138-9CD853F39C8B}.Release|Any CPU.ActiveCfg = Release|Any CPU
		{FBE22555-1D20-4248-B138-9CD853F39C8B}.Release|Any CPU.Build.0 = Release|Any CPU
		{FBE22555-1D20-4248-B138-9CD853F39C8B}.Release|x64.ActiveCfg = Release|Any CPU
		{FBE22555-1D20-4248-B138-9CD853F39C8B}.Release|x64.Build.0 = Release|Any CPU
		{FBE22555-1D20-4248-B138-9CD853F39C8B}.Release|x86.ActiveCfg = Release|Any CPU
		{FBE22555-1D20-4248-B138-9CD853F39C8B}.Release|x86.Build.0 = Release|Any CPU
	EndGlobalSection
	GlobalSection(NestedProjects) = preSolution
		{D33B8F74-DA47-483E-883C-105419774D5B} = {C852C6C3-D377-4317-ADF9-80ADA079F647}
		{FBE22555-1D20-4248-B138-9CD853F39C8B} = {C852C6C3-D377-4317-ADF9-80ADA079F647}
	EndGlobalSection
EndGlobal
