
Microsoft Visual Studio Solution File, Format Version 12.00
# Visual Studio 15
VisualStudioVersion = 15.0.26124.0
MinimumVisualStudioVersion = 15.0.26124.0
Project("{2150E333-8FDC-42A3-9474-1A3956D46DE8}") = "src", "src", "{03138034-081B-4BA5-921C-68DDE0BFF1F8}"
EndProject
Project("{F2A71F9B-5D33-465A-A702-920D77279786}") = "Tests", "src\Tests\Tests.fsproj", "{52A856C4-773B-4886-A8AB-667583F0933B}"
EndProject
Project("{F2A71F9B-5D33-465A-A702-920D77279786}") = "Lease", "src\Lease\Lease.fsproj", "{2FE9B7D3-615D-4A7B-835C-B84EA4D48B76}"
EndProject
Project("{F2A71F9B-5D33-465A-A702-920D77279786}") = "Ouroboros", "src\Ouroboros\Ouroboros.fsproj", "{50378A3D-1525-4008-BDB3-7313487C53E4}"
EndProject
Global
	GlobalSection(SolutionConfigurationPlatforms) = preSolution
		Debug|Any CPU = Debug|Any CPU
		Debug|x64 = Debug|x64
		Debug|x86 = Debug|x86
		Release|Any CPU = Release|Any CPU
		Release|x64 = Release|x64
		Release|x86 = Release|x86
	EndGlobalSection
	GlobalSection(SolutionProperties) = preSolution
		HideSolutionNode = FALSE
	EndGlobalSection
	GlobalSection(ProjectConfigurationPlatforms) = postSolution
		{52A856C4-773B-4886-A8AB-667583F0933B}.Debug|Any CPU.ActiveCfg = Debug|Any CPU
		{52A856C4-773B-4886-A8AB-667583F0933B}.Debug|Any CPU.Build.0 = Debug|Any CPU
		{52A856C4-773B-4886-A8AB-667583F0933B}.Debug|x64.ActiveCfg = Debug|Any CPU
		{52A856C4-773B-4886-A8AB-667583F0933B}.Debug|x64.Build.0 = Debug|Any CPU
		{52A856C4-773B-4886-A8AB-667583F0933B}.Debug|x86.ActiveCfg = Debug|Any CPU
		{52A856C4-773B-4886-A8AB-667583F0933B}.Debug|x86.Build.0 = Debug|Any CPU
		{52A856C4-773B-4886-A8AB-667583F0933B}.Release|Any CPU.ActiveCfg = Release|Any CPU
		{52A856C4-773B-4886-A8AB-667583F0933B}.Release|Any CPU.Build.0 = Release|Any CPU
		{52A856C4-773B-4886-A8AB-667583F0933B}.Release|x64.ActiveCfg = Release|Any CPU
		{52A856C4-773B-4886-A8AB-667583F0933B}.Release|x64.Build.0 = Release|Any CPU
		{52A856C4-773B-4886-A8AB-667583F0933B}.Release|x86.ActiveCfg = Release|Any CPU
		{52A856C4-773B-4886-A8AB-667583F0933B}.Release|x86.Build.0 = Release|Any CPU
		{2FE9B7D3-615D-4A7B-835C-B84EA4D48B76}.Debug|Any CPU.ActiveCfg = Debug|Any CPU
		{2FE9B7D3-615D-4A7B-835C-B84EA4D48B76}.Debug|Any CPU.Build.0 = Debug|Any CPU
		{2FE9B7D3-615D-4A7B-835C-B84EA4D48B76}.Debug|x64.ActiveCfg = Debug|Any CPU
		{2FE9B7D3-615D-4A7B-835C-B84EA4D48B76}.Debug|x64.Build.0 = Debug|Any CPU
		{2FE9B7D3-615D-4A7B-835C-B84EA4D48B76}.Debug|x86.ActiveCfg = Debug|Any CPU
		{2FE9B7D3-615D-4A7B-835C-B84EA4D48B76}.Debug|x86.Build.0 = Debug|Any CPU
		{2FE9B7D3-615D-4A7B-835C-B84EA4D48B76}.Release|Any CPU.ActiveCfg = Release|Any CPU
		{2FE9B7D3-615D-4A7B-835C-B84EA4D48B76}.Release|Any CPU.Build.0 = Release|Any CPU
		{2FE9B7D3-615D-4A7B-835C-B84EA4D48B76}.Release|x64.ActiveCfg = Release|Any CPU
		{2FE9B7D3-615D-4A7B-835C-B84EA4D48B76}.Release|x64.Build.0 = Release|Any CPU
		{2FE9B7D3-615D-4A7B-835C-B84EA4D48B76}.Release|x86.ActiveCfg = Release|Any CPU
		{2FE9B7D3-615D-4A7B-835C-B84EA4D48B76}.Release|x86.Build.0 = Release|Any CPU
		{50378A3D-1525-4008-BDB3-7313487C53E4}.Debug|Any CPU.ActiveCfg = Debug|Any CPU
		{50378A3D-1525-4008-BDB3-7313487C53E4}.Debug|Any CPU.Build.0 = Debug|Any CPU
		{50378A3D-1525-4008-BDB3-7313487C53E4}.Debug|x64.ActiveCfg = Debug|Any CPU
		{50378A3D-1525-4008-BDB3-7313487C53E4}.Debug|x64.Build.0 = Debug|Any CPU
		{50378A3D-1525-4008-BDB3-7313487C53E4}.Debug|x86.ActiveCfg = Debug|Any CPU
		{50378A3D-1525-4008-BDB3-7313487C53E4}.Debug|x86.Build.0 = Debug|Any CPU
		{50378A3D-1525-4008-BDB3-7313487C53E4}.Release|Any CPU.ActiveCfg = Release|Any CPU
		{50378A3D-1525-4008-BDB3-7313487C53E4}.Release|Any CPU.Build.0 = Release|Any CPU
		{50378A3D-1525-4008-BDB3-7313487C53E4}.Release|x64.ActiveCfg = Release|Any CPU
		{50378A3D-1525-4008-BDB3-7313487C53E4}.Release|x64.Build.0 = Release|Any CPU
		{50378A3D-1525-4008-BDB3-7313487C53E4}.Release|x86.ActiveCfg = Release|Any CPU
		{50378A3D-1525-4008-BDB3-7313487C53E4}.Release|x86.Build.0 = Release|Any CPU
	EndGlobalSection
	GlobalSection(NestedProjects) = preSolution
		{52A856C4-773B-4886-A8AB-667583F0933B} = {03138034-081B-4BA5-921C-68DDE0BFF1F8}
		{2FE9B7D3-615D-4A7B-835C-B84EA4D48B76} = {03138034-081B-4BA5-921C-68DDE0BFF1F8}
		{50378A3D-1525-4008-BDB3-7313487C53E4} = {03138034-081B-4BA5-921C-68DDE0BFF1F8}
	EndGlobalSection
EndGlobal
