
Microsoft Visual Studio Solution File, Format Version 12.00
# Visual Studio 15
VisualStudioVersion = 15.0.26124.0
MinimumVisualStudioVersion = 15.0.26124.0
Project("{2150E333-8FDC-42A3-9474-1A3956D46DE8}") = "src", "src", "{274EEEAB-F56E-4C4E-AFCC-30553B93C3A9}"
EndProject
Project("{F2A71F9B-5D33-465A-A702-920D77279786}") = "Reactor", "src\Reactor\Reactor.fsproj", "{2A8DE412-5FB1-416C-A459-028658FA4753}"
EndProject
Project("{FAE04EC0-301F-11D3-BF4B-00C04F79EFBC}") = "Proto", "src\Proto\Proto.csproj", "{6F117B50-5630-4141-9F7D-5D35BF9F61CD}"
EndProject
Project("{F2A71F9B-5D33-465A-A702-920D77279786}") = "IntegrationTests", "src\IntegrationTests\IntegrationTests.fsproj", "{F753AA83-4785-4C51-A492-D7E81609DB37}"
EndProject
Project("{F2A71F9B-5D33-465A-A702-920D77279786}") = "Shared", "src\Shared\Shared.fsproj", "{20BCCB8D-485A-4F03-964B-6D089A0CD306}"
EndProject
Project("{F2A71F9B-5D33-465A-A702-920D77279786}") = "Server", "src\Server\Server.fsproj", "{DEE7CB2B-C5A1-408B-85C6-D30C32E46168}"
EndProject
Project("{F2A71F9B-5D33-465A-A702-920D77279786}") = "UnitTests", "src\UnitTests\UnitTests.fsproj", "{EFC5C590-2F5B-4639-8206-F2E67D5EF184}"
EndProject
Global
	GlobalSection(SolutionConfigurationPlatforms) = preSolution
		Debug|Any CPU = Debug|Any CPU
		Debug|x64 = Debug|x64
		Debug|x86 = Debug|x86
		Release|Any CPU = Release|Any CPU
		Release|x64 = Release|x64
		Release|x86 = Release|x86
	EndGlobalSection
	GlobalSection(SolutionProperties) = preSolution
		HideSolutionNode = FALSE
	EndGlobalSection
	GlobalSection(ProjectConfigurationPlatforms) = postSolution
		{2A8DE412-5FB1-416C-A459-028658FA4753}.Debug|Any CPU.ActiveCfg = Debug|Any CPU
		{2A8DE412-5FB1-416C-A459-028658FA4753}.Debug|Any CPU.Build.0 = Debug|Any CPU
		{2A8DE412-5FB1-416C-A459-028658FA4753}.Debug|x64.ActiveCfg = Debug|Any CPU
		{2A8DE412-5FB1-416C-A459-028658FA4753}.Debug|x64.Build.0 = Debug|Any CPU
		{2A8DE412-5FB1-416C-A459-028658FA4753}.Debug|x86.ActiveCfg = Debug|Any CPU
		{2A8DE412-5FB1-416C-A459-028658FA4753}.Debug|x86.Build.0 = Debug|Any CPU
		{2A8DE412-5FB1-416C-A459-028658FA4753}.Release|Any CPU.ActiveCfg = Release|Any CPU
		{2A8DE412-5FB1-416C-A459-028658FA4753}.Release|Any CPU.Build.0 = Release|Any CPU
		{2A8DE412-5FB1-416C-A459-028658FA4753}.Release|x64.ActiveCfg = Release|Any CPU
		{2A8DE412-5FB1-416C-A459-028658FA4753}.Release|x64.Build.0 = Release|Any CPU
		{2A8DE412-5FB1-416C-A459-028658FA4753}.Release|x86.ActiveCfg = Release|Any CPU
		{2A8DE412-5FB1-416C-A459-028658FA4753}.Release|x86.Build.0 = Release|Any CPU
		{6F117B50-5630-4141-9F7D-5D35BF9F61CD}.Debug|Any CPU.ActiveCfg = Debug|Any CPU
		{6F117B50-5630-4141-9F7D-5D35BF9F61CD}.Debug|Any CPU.Build.0 = Debug|Any CPU
		{6F117B50-5630-4141-9F7D-5D35BF9F61CD}.Debug|x64.ActiveCfg = Debug|Any CPU
		{6F117B50-5630-4141-9F7D-5D35BF9F61CD}.Debug|x64.Build.0 = Debug|Any CPU
		{6F117B50-5630-4141-9F7D-5D35BF9F61CD}.Debug|x86.ActiveCfg = Debug|Any CPU
		{6F117B50-5630-4141-9F7D-5D35BF9F61CD}.Debug|x86.Build.0 = Debug|Any CPU
		{6F117B50-5630-4141-9F7D-5D35BF9F61CD}.Release|Any CPU.ActiveCfg = Release|Any CPU
		{6F117B50-5630-4141-9F7D-5D35BF9F61CD}.Release|Any CPU.Build.0 = Release|Any CPU
		{6F117B50-5630-4141-9F7D-5D35BF9F61CD}.Release|x64.ActiveCfg = Release|Any CPU
		{6F117B50-5630-4141-9F7D-5D35BF9F61CD}.Release|x64.Build.0 = Release|Any CPU
		{6F117B50-5630-4141-9F7D-5D35BF9F61CD}.Release|x86.ActiveCfg = Release|Any CPU
		{6F117B50-5630-4141-9F7D-5D35BF9F61CD}.Release|x86.Build.0 = Release|Any CPU
		{F753AA83-4785-4C51-A492-D7E81609DB37}.Debug|Any CPU.ActiveCfg = Debug|Any CPU
		{F753AA83-4785-4C51-A492-D7E81609DB37}.Debug|Any CPU.Build.0 = Debug|Any CPU
		{F753AA83-4785-4C51-A492-D7E81609DB37}.Debug|x64.ActiveCfg = Debug|Any CPU
		{F753AA83-4785-4C51-A492-D7E81609DB37}.Debug|x64.Build.0 = Debug|Any CPU
		{F753AA83-4785-4C51-A492-D7E81609DB37}.Debug|x86.ActiveCfg = Debug|Any CPU
		{F753AA83-4785-4C51-A492-D7E81609DB37}.Debug|x86.Build.0 = Debug|Any CPU
		{F753AA83-4785-4C51-A492-D7E81609DB37}.Release|Any CPU.ActiveCfg = Release|Any CPU
		{F753AA83-4785-4C51-A492-D7E81609DB37}.Release|Any CPU.Build.0 = Release|Any CPU
		{F753AA83-4785-4C51-A492-D7E81609DB37}.Release|x64.ActiveCfg = Release|Any CPU
		{F753AA83-4785-4C51-A492-D7E81609DB37}.Release|x64.Build.0 = Release|Any CPU
		{F753AA83-4785-4C51-A492-D7E81609DB37}.Release|x86.ActiveCfg = Release|Any CPU
		{F753AA83-4785-4C51-A492-D7E81609DB37}.Release|x86.Build.0 = Release|Any CPU
		{20BCCB8D-485A-4F03-964B-6D089A0CD306}.Debug|Any CPU.ActiveCfg = Debug|Any CPU
		{20BCCB8D-485A-4F03-964B-6D089A0CD306}.Debug|Any CPU.Build.0 = Debug|Any CPU
		{20BCCB8D-485A-4F03-964B-6D089A0CD306}.Debug|x64.ActiveCfg = Debug|Any CPU
		{20BCCB8D-485A-4F03-964B-6D089A0CD306}.Debug|x64.Build.0 = Debug|Any CPU
		{20BCCB8D-485A-4F03-964B-6D089A0CD306}.Debug|x86.ActiveCfg = Debug|Any CPU
		{20BCCB8D-485A-4F03-964B-6D089A0CD306}.Debug|x86.Build.0 = Debug|Any CPU
		{20BCCB8D-485A-4F03-964B-6D089A0CD306}.Release|Any CPU.ActiveCfg = Release|Any CPU
		{20BCCB8D-485A-4F03-964B-6D089A0CD306}.Release|Any CPU.Build.0 = Release|Any CPU
		{20BCCB8D-485A-4F03-964B-6D089A0CD306}.Release|x64.ActiveCfg = Release|Any CPU
		{20BCCB8D-485A-4F03-964B-6D089A0CD306}.Release|x64.Build.0 = Release|Any CPU
		{20BCCB8D-485A-4F03-964B-6D089A0CD306}.Release|x86.ActiveCfg = Release|Any CPU
		{20BCCB8D-485A-4F03-964B-6D089A0CD306}.Release|x86.Build.0 = Release|Any CPU
		{DEE7CB2B-C5A1-408B-85C6-D30C32E46168}.Debug|Any CPU.ActiveCfg = Debug|Any CPU
		{DEE7CB2B-C5A1-408B-85C6-D30C32E46168}.Debug|Any CPU.Build.0 = Debug|Any CPU
		{DEE7CB2B-C5A1-408B-85C6-D30C32E46168}.Debug|x64.ActiveCfg = Debug|Any CPU
		{DEE7CB2B-C5A1-408B-85C6-D30C32E46168}.Debug|x64.Build.0 = Debug|Any CPU
		{DEE7CB2B-C5A1-408B-85C6-D30C32E46168}.Debug|x86.ActiveCfg = Debug|Any CPU
		{DEE7CB2B-C5A1-408B-85C6-D30C32E46168}.Debug|x86.Build.0 = Debug|Any CPU
		{DEE7CB2B-C5A1-408B-85C6-D30C32E46168}.Release|Any CPU.ActiveCfg = Release|Any CPU
		{DEE7CB2B-C5A1-408B-85C6-D30C32E46168}.Release|Any CPU.Build.0 = Release|Any CPU
		{DEE7CB2B-C5A1-408B-85C6-D30C32E46168}.Release|x64.ActiveCfg = Release|Any CPU
		{DEE7CB2B-C5A1-408B-85C6-D30C32E46168}.Release|x64.Build.0 = Release|Any CPU
		{DEE7CB2B-C5A1-408B-85C6-D30C32E46168}.Release|x86.ActiveCfg = Release|Any CPU
		{DEE7CB2B-C5A1-408B-85C6-D30C32E46168}.Release|x86.Build.0 = Release|Any CPU
		{EFC5C590-2F5B-4639-8206-F2E67D5EF184}.Debug|Any CPU.ActiveCfg = Debug|Any CPU
		{EFC5C590-2F5B-4639-8206-F2E67D5EF184}.Debug|Any CPU.Build.0 = Debug|Any CPU
		{EFC5C590-2F5B-4639-8206-F2E67D5EF184}.Debug|x64.ActiveCfg = Debug|Any CPU
		{EFC5C590-2F5B-4639-8206-F2E67D5EF184}.Debug|x64.Build.0 = Debug|Any CPU
		{EFC5C590-2F5B-4639-8206-F2E67D5EF184}.Debug|x86.ActiveCfg = Debug|Any CPU
		{EFC5C590-2F5B-4639-8206-F2E67D5EF184}.Debug|x86.Build.0 = Debug|Any CPU
		{EFC5C590-2F5B-4639-8206-F2E67D5EF184}.Release|Any CPU.ActiveCfg = Release|Any CPU
		{EFC5C590-2F5B-4639-8206-F2E67D5EF184}.Release|Any CPU.Build.0 = Release|Any CPU
		{EFC5C590-2F5B-4639-8206-F2E67D5EF184}.Release|x64.ActiveCfg = Release|Any CPU
		{EFC5C590-2F5B-4639-8206-F2E67D5EF184}.Release|x64.Build.0 = Release|Any CPU
		{EFC5C590-2F5B-4639-8206-F2E67D5EF184}.Release|x86.ActiveCfg = Release|Any CPU
		{EFC5C590-2F5B-4639-8206-F2E67D5EF184}.Release|x86.Build.0 = Release|Any CPU
	EndGlobalSection
	GlobalSection(NestedProjects) = preSolution
		{2A8DE412-5FB1-416C-A459-028658FA4753} = {274EEEAB-F56E-4C4E-AFCC-30553B93C3A9}
		{6F117B50-5630-4141-9F7D-5D35BF9F61CD} = {274EEEAB-F56E-4C4E-AFCC-30553B93C3A9}
		{F753AA83-4785-4C51-A492-D7E81609DB37} = {274EEEAB-F56E-4C4E-AFCC-30553B93C3A9}
		{20BCCB8D-485A-4F03-964B-6D089A0CD306} = {274EEEAB-F56E-4C4E-AFCC-30553B93C3A9}
		{DEE7CB2B-C5A1-408B-85C6-D30C32E46168} = {274EEEAB-F56E-4C4E-AFCC-30553B93C3A9}
		{EFC5C590-2F5B-4639-8206-F2E67D5EF184} = {274EEEAB-F56E-4C4E-AFCC-30553B93C3A9}
	EndGlobalSection
EndGlobal
