
Microsoft Visual Studio Solution File, Format Version 12.00
# Visual Studio 15
VisualStudioVersion = 15.0.26124.0
MinimumVisualStudioVersion = 15.0.26124.0
Project("{2150E333-8FDC-42A3-9474-1A3956D46DE8}") = "src", "src", "{0428839E-A715-4878-9294-70AD5E852E0A}"
EndProject
Project("{F2A71F9B-5D33-465A-A702-920D77279786}") = "IntegrationTests", "src\IntegrationTests\IntegrationTests.fsproj", "{D66BB081-785C-42F6-AF0E-8AA6031E696C}"
EndProject
Project("{FAE04EC0-301F-11D3-BF4B-00C04F79EFBC}") = "Proto", "src\Proto\Proto.csproj", "{867753F0-F579-4449-AFD7-C484BC8EE22B}"
EndProject
Project("{F2A71F9B-5D33-465A-A702-920D77279786}") = "Shared", "src\Shared\Shared.fsproj", "{FF86F45C-D4A8-4797-B527-0C0C42C9FB5B}"
EndProject
Project("{F2A71F9B-5D33-465A-A702-920D77279786}") = "UnitTests", "src\UnitTests\UnitTests.fsproj", "{B2169CB9-2F6A-45E5-817D-177D8683912C}"
EndProject
Project("{F2A71F9B-5D33-465A-A702-920D77279786}") = "Vehicle", "src\Vehicle\Vehicle.fsproj", "{448DA2D8-A0F8-46A8-BB23-65A79BFD655C}"
EndProject
Global
	GlobalSection(SolutionConfigurationPlatforms) = preSolution
		Debug|Any CPU = Debug|Any CPU
		Debug|x64 = Debug|x64
		Debug|x86 = Debug|x86
		Release|Any CPU = Release|Any CPU
		Release|x64 = Release|x64
		Release|x86 = Release|x86
	EndGlobalSection
	GlobalSection(SolutionProperties) = preSolution
		HideSolutionNode = FALSE
	EndGlobalSection
	GlobalSection(ProjectConfigurationPlatforms) = postSolution
		{D66BB081-785C-42F6-AF0E-8AA6031E696C}.Debug|Any CPU.ActiveCfg = Debug|Any CPU
		{D66BB081-785C-42F6-AF0E-8AA6031E696C}.Debug|Any CPU.Build.0 = Debug|Any CPU
		{D66BB081-785C-42F6-AF0E-8AA6031E696C}.Debug|x64.ActiveCfg = Debug|Any CPU
		{D66BB081-785C-42F6-AF0E-8AA6031E696C}.Debug|x64.Build.0 = Debug|Any CPU
		{D66BB081-785C-42F6-AF0E-8AA6031E696C}.Debug|x86.ActiveCfg = Debug|Any CPU
		{D66BB081-785C-42F6-AF0E-8AA6031E696C}.Debug|x86.Build.0 = Debug|Any CPU
		{D66BB081-785C-42F6-AF0E-8AA6031E696C}.Release|Any CPU.ActiveCfg = Release|Any CPU
		{D66BB081-785C-42F6-AF0E-8AA6031E696C}.Release|Any CPU.Build.0 = Release|Any CPU
		{D66BB081-785C-42F6-AF0E-8AA6031E696C}.Release|x64.ActiveCfg = Release|Any CPU
		{D66BB081-785C-42F6-AF0E-8AA6031E696C}.Release|x64.Build.0 = Release|Any CPU
		{D66BB081-785C-42F6-AF0E-8AA6031E696C}.Release|x86.ActiveCfg = Release|Any CPU
		{D66BB081-785C-42F6-AF0E-8AA6031E696C}.Release|x86.Build.0 = Release|Any CPU
		{867753F0-F579-4449-AFD7-C484BC8EE22B}.Debug|Any CPU.ActiveCfg = Debug|Any CPU
		{867753F0-F579-4449-AFD7-C484BC8EE22B}.Debug|Any CPU.Build.0 = Debug|Any CPU
		{867753F0-F579-4449-AFD7-C484BC8EE22B}.Debug|x64.ActiveCfg = Debug|Any CPU
		{867753F0-F579-4449-AFD7-C484BC8EE22B}.Debug|x64.Build.0 = Debug|Any CPU
		{867753F0-F579-4449-AFD7-C484BC8EE22B}.Debug|x86.ActiveCfg = Debug|Any CPU
		{867753F0-F579-4449-AFD7-C484BC8EE22B}.Debug|x86.Build.0 = Debug|Any CPU
		{867753F0-F579-4449-AFD7-C484BC8EE22B}.Release|Any CPU.ActiveCfg = Release|Any CPU
		{867753F0-F579-4449-AFD7-C484BC8EE22B}.Release|Any CPU.Build.0 = Release|Any CPU
		{867753F0-F579-4449-AFD7-C484BC8EE22B}.Release|x64.ActiveCfg = Release|Any CPU
		{867753F0-F579-4449-AFD7-C484BC8EE22B}.Release|x64.Build.0 = Release|Any CPU
		{867753F0-F579-4449-AFD7-C484BC8EE22B}.Release|x86.ActiveCfg = Release|Any CPU
		{867753F0-F579-4449-AFD7-C484BC8EE22B}.Release|x86.Build.0 = Release|Any CPU
		{FF86F45C-D4A8-4797-B527-0C0C42C9FB5B}.Debug|Any CPU.ActiveCfg = Debug|Any CPU
		{FF86F45C-D4A8-4797-B527-0C0C42C9FB5B}.Debug|Any CPU.Build.0 = Debug|Any CPU
		{FF86F45C-D4A8-4797-B527-0C0C42C9FB5B}.Debug|x64.ActiveCfg = Debug|Any CPU
		{FF86F45C-D4A8-4797-B527-0C0C42C9FB5B}.Debug|x64.Build.0 = Debug|Any CPU
		{FF86F45C-D4A8-4797-B527-0C0C42C9FB5B}.Debug|x86.ActiveCfg = Debug|Any CPU
		{FF86F45C-D4A8-4797-B527-0C0C42C9FB5B}.Debug|x86.Build.0 = Debug|Any CPU
		{FF86F45C-D4A8-4797-B527-0C0C42C9FB5B}.Release|Any CPU.ActiveCfg = Release|Any CPU
		{FF86F45C-D4A8-4797-B527-0C0C42C9FB5B}.Release|Any CPU.Build.0 = Release|Any CPU
		{FF86F45C-D4A8-4797-B527-0C0C42C9FB5B}.Release|x64.ActiveCfg = Release|Any CPU
		{FF86F45C-D4A8-4797-B527-0C0C42C9FB5B}.Release|x64.Build.0 = Release|Any CPU
		{FF86F45C-D4A8-4797-B527-0C0C42C9FB5B}.Release|x86.ActiveCfg = Release|Any CPU
		{FF86F45C-D4A8-4797-B527-0C0C42C9FB5B}.Release|x86.Build.0 = Release|Any CPU
		{B2169CB9-2F6A-45E5-817D-177D8683912C}.Debug|Any CPU.ActiveCfg = Debug|Any CPU
		{B2169CB9-2F6A-45E5-817D-177D8683912C}.Debug|Any CPU.Build.0 = Debug|Any CPU
		{B2169CB9-2F6A-45E5-817D-177D8683912C}.Debug|x64.ActiveCfg = Debug|Any CPU
		{B2169CB9-2F6A-45E5-817D-177D8683912C}.Debug|x64.Build.0 = Debug|Any CPU
		{B2169CB9-2F6A-45E5-817D-177D8683912C}.Debug|x86.ActiveCfg = Debug|Any CPU
		{B2169CB9-2F6A-45E5-817D-177D8683912C}.Debug|x86.Build.0 = Debug|Any CPU
		{B2169CB9-2F6A-45E5-817D-177D8683912C}.Release|Any CPU.ActiveCfg = Release|Any CPU
		{B2169CB9-2F6A-45E5-817D-177D8683912C}.Release|Any CPU.Build.0 = Release|Any CPU
		{B2169CB9-2F6A-45E5-817D-177D8683912C}.Release|x64.ActiveCfg = Release|Any CPU
		{B2169CB9-2F6A-45E5-817D-177D8683912C}.Release|x64.Build.0 = Release|Any CPU
		{B2169CB9-2F6A-45E5-817D-177D8683912C}.Release|x86.ActiveCfg = Release|Any CPU
		{B2169CB9-2F6A-45E5-817D-177D8683912C}.Release|x86.Build.0 = Release|Any CPU
		{448DA2D8-A0F8-46A8-BB23-65A79BFD655C}.Debug|Any CPU.ActiveCfg = Debug|Any CPU
		{448DA2D8-A0F8-46A8-BB23-65A79BFD655C}.Debug|Any CPU.Build.0 = Debug|Any CPU
		{448DA2D8-A0F8-46A8-BB23-65A79BFD655C}.Debug|x64.ActiveCfg = Debug|Any CPU
		{448DA2D8-A0F8-46A8-BB23-65A79BFD655C}.Debug|x64.Build.0 = Debug|Any CPU
		{448DA2D8-A0F8-46A8-BB23-65A79BFD655C}.Debug|x86.ActiveCfg = Debug|Any CPU
		{448DA2D8-A0F8-46A8-BB23-65A79BFD655C}.Debug|x86.Build.0 = Debug|Any CPU
		{448DA2D8-A0F8-46A8-BB23-65A79BFD655C}.Release|Any CPU.ActiveCfg = Release|Any CPU
		{448DA2D8-A0F8-46A8-BB23-65A79BFD655C}.Release|Any CPU.Build.0 = Release|Any CPU
		{448DA2D8-A0F8-46A8-BB23-65A79BFD655C}.Release|x64.ActiveCfg = Release|Any CPU
		{448DA2D8-A0F8-46A8-BB23-65A79BFD655C}.Release|x64.Build.0 = Release|Any CPU
		{448DA2D8-A0F8-46A8-BB23-65A79BFD655C}.Release|x86.ActiveCfg = Release|Any CPU
		{448DA2D8-A0F8-46A8-BB23-65A79BFD655C}.Release|x86.Build.0 = Release|Any CPU
	EndGlobalSection
	GlobalSection(NestedProjects) = preSolution
		{D66BB081-785C-42F6-AF0E-8AA6031E696C} = {0428839E-A715-4878-9294-70AD5E852E0A}
		{867753F0-F579-4449-AFD7-C484BC8EE22B} = {0428839E-A715-4878-9294-70AD5E852E0A}
		{FF86F45C-D4A8-4797-B527-0C0C42C9FB5B} = {0428839E-A715-4878-9294-70AD5E852E0A}
		{B2169CB9-2F6A-45E5-817D-177D8683912C} = {0428839E-A715-4878-9294-70AD5E852E0A}
		{448DA2D8-A0F8-46A8-BB23-65A79BFD655C} = {0428839E-A715-4878-9294-70AD5E852E0A}
	EndGlobalSection
EndGlobal
