
Microsoft Visual Studio Solution File, Format Version 12.00
# Visual Studio 15
VisualStudioVersion = 15.0.26124.0
MinimumVisualStudioVersion = 15.0.26124.0
Project("{2150E333-8FDC-42A3-9474-1A3956D46DE8}") = "src", "src", "{593FEFB7-A2C5-449B-8ED9-31C771C72EC3}"
EndProject
Project("{FAE04EC0-301F-11D3-BF4B-00C04F79EFBC}") = "Proto", "src\Proto\Proto.csproj", "{3701F262-4697-42BD-BFA7-C2E245CEFB91}"
EndProject
Project("{F2A71F9B-5D33-465A-A702-920D77279786}") = "Vehicle", "src\Vehicle\Vehicle.fsproj", "{D16DE252-F7DA-45D4-AE1D-9F263672CFC1}"
EndProject
Project("{F2A71F9B-5D33-465A-A702-920D77279786}") = "Tests", "src\Tests\Tests.fsproj", "{05D2B20D-7CA9-4323-9163-71DD6FA64E7A}"
EndProject
Project("{F2A71F9B-5D33-465A-A702-920D77279786}") = "ITests", "src\ITests\ITests.fsproj", "{A786FF30-525A-4C4C-A1F1-A4E408D503AD}"
EndProject
Project("{F2A71F9B-5D33-465A-A702-920D77279786}") = "Shared", "src\Shared\Shared.fsproj", "{D06B52C3-B42A-4FAF-A938-B0D2E5AD0F44}"
EndProject
Global
	GlobalSection(SolutionConfigurationPlatforms) = preSolution
		Debug|Any CPU = Debug|Any CPU
		Debug|x64 = Debug|x64
		Debug|x86 = Debug|x86
		Release|Any CPU = Release|Any CPU
		Release|x64 = Release|x64
		Release|x86 = Release|x86
	EndGlobalSection
	GlobalSection(SolutionProperties) = preSolution
		HideSolutionNode = FALSE
	EndGlobalSection
	GlobalSection(ProjectConfigurationPlatforms) = postSolution
		{3701F262-4697-42BD-BFA7-C2E245CEFB91}.Debug|Any CPU.ActiveCfg = Debug|Any CPU
		{3701F262-4697-42BD-BFA7-C2E245CEFB91}.Debug|Any CPU.Build.0 = Debug|Any CPU
		{3701F262-4697-42BD-BFA7-C2E245CEFB91}.Debug|x64.ActiveCfg = Debug|Any CPU
		{3701F262-4697-42BD-BFA7-C2E245CEFB91}.Debug|x64.Build.0 = Debug|Any CPU
		{3701F262-4697-42BD-BFA7-C2E245CEFB91}.Debug|x86.ActiveCfg = Debug|Any CPU
		{3701F262-4697-42BD-BFA7-C2E245CEFB91}.Debug|x86.Build.0 = Debug|Any CPU
		{3701F262-4697-42BD-BFA7-C2E245CEFB91}.Release|Any CPU.ActiveCfg = Release|Any CPU
		{3701F262-4697-42BD-BFA7-C2E245CEFB91}.Release|Any CPU.Build.0 = Release|Any CPU
		{3701F262-4697-42BD-BFA7-C2E245CEFB91}.Release|x64.ActiveCfg = Release|Any CPU
		{3701F262-4697-42BD-BFA7-C2E245CEFB91}.Release|x64.Build.0 = Release|Any CPU
		{3701F262-4697-42BD-BFA7-C2E245CEFB91}.Release|x86.ActiveCfg = Release|Any CPU
		{3701F262-4697-42BD-BFA7-C2E245CEFB91}.Release|x86.Build.0 = Release|Any CPU
		{D16DE252-F7DA-45D4-AE1D-9F263672CFC1}.Debug|Any CPU.ActiveCfg = Debug|Any CPU
		{D16DE252-F7DA-45D4-AE1D-9F263672CFC1}.Debug|Any CPU.Build.0 = Debug|Any CPU
		{D16DE252-F7DA-45D4-AE1D-9F263672CFC1}.Debug|x64.ActiveCfg = Debug|Any CPU
		{D16DE252-F7DA-45D4-AE1D-9F263672CFC1}.Debug|x64.Build.0 = Debug|Any CPU
		{D16DE252-F7DA-45D4-AE1D-9F263672CFC1}.Debug|x86.ActiveCfg = Debug|Any CPU
		{D16DE252-F7DA-45D4-AE1D-9F263672CFC1}.Debug|x86.Build.0 = Debug|Any CPU
		{D16DE252-F7DA-45D4-AE1D-9F263672CFC1}.Release|Any CPU.ActiveCfg = Release|Any CPU
		{D16DE252-F7DA-45D4-AE1D-9F263672CFC1}.Release|Any CPU.Build.0 = Release|Any CPU
		{D16DE252-F7DA-45D4-AE1D-9F263672CFC1}.Release|x64.ActiveCfg = Release|Any CPU
		{D16DE252-F7DA-45D4-AE1D-9F263672CFC1}.Release|x64.Build.0 = Release|Any CPU
		{D16DE252-F7DA-45D4-AE1D-9F263672CFC1}.Release|x86.ActiveCfg = Release|Any CPU
		{D16DE252-F7DA-45D4-AE1D-9F263672CFC1}.Release|x86.Build.0 = Release|Any CPU
		{05D2B20D-7CA9-4323-9163-71DD6FA64E7A}.Debug|Any CPU.ActiveCfg = Debug|Any CPU
		{05D2B20D-7CA9-4323-9163-71DD6FA64E7A}.Debug|Any CPU.Build.0 = Debug|Any CPU
		{05D2B20D-7CA9-4323-9163-71DD6FA64E7A}.Debug|x64.ActiveCfg = Debug|Any CPU
		{05D2B20D-7CA9-4323-9163-71DD6FA64E7A}.Debug|x64.Build.0 = Debug|Any CPU
		{05D2B20D-7CA9-4323-9163-71DD6FA64E7A}.Debug|x86.ActiveCfg = Debug|Any CPU
		{05D2B20D-7CA9-4323-9163-71DD6FA64E7A}.Debug|x86.Build.0 = Debug|Any CPU
		{05D2B20D-7CA9-4323-9163-71DD6FA64E7A}.Release|Any CPU.ActiveCfg = Release|Any CPU
		{05D2B20D-7CA9-4323-9163-71DD6FA64E7A}.Release|Any CPU.Build.0 = Release|Any CPU
		{05D2B20D-7CA9-4323-9163-71DD6FA64E7A}.Release|x64.ActiveCfg = Release|Any CPU
		{05D2B20D-7CA9-4323-9163-71DD6FA64E7A}.Release|x64.Build.0 = Release|Any CPU
		{05D2B20D-7CA9-4323-9163-71DD6FA64E7A}.Release|x86.ActiveCfg = Release|Any CPU
		{05D2B20D-7CA9-4323-9163-71DD6FA64E7A}.Release|x86.Build.0 = Release|Any CPU
		{A786FF30-525A-4C4C-A1F1-A4E408D503AD}.Debug|Any CPU.ActiveCfg = Debug|Any CPU
		{A786FF30-525A-4C4C-A1F1-A4E408D503AD}.Debug|Any CPU.Build.0 = Debug|Any CPU
		{A786FF30-525A-4C4C-A1F1-A4E408D503AD}.Debug|x64.ActiveCfg = Debug|Any CPU
		{A786FF30-525A-4C4C-A1F1-A4E408D503AD}.Debug|x64.Build.0 = Debug|Any CPU
		{A786FF30-525A-4C4C-A1F1-A4E408D503AD}.Debug|x86.ActiveCfg = Debug|Any CPU
		{A786FF30-525A-4C4C-A1F1-A4E408D503AD}.Debug|x86.Build.0 = Debug|Any CPU
		{A786FF30-525A-4C4C-A1F1-A4E408D503AD}.Release|Any CPU.ActiveCfg = Release|Any CPU
		{A786FF30-525A-4C4C-A1F1-A4E408D503AD}.Release|Any CPU.Build.0 = Release|Any CPU
		{A786FF30-525A-4C4C-A1F1-A4E408D503AD}.Release|x64.ActiveCfg = Release|Any CPU
		{A786FF30-525A-4C4C-A1F1-A4E408D503AD}.Release|x64.Build.0 = Release|Any CPU
		{A786FF30-525A-4C4C-A1F1-A4E408D503AD}.Release|x86.ActiveCfg = Release|Any CPU
		{A786FF30-525A-4C4C-A1F1-A4E408D503AD}.Release|x86.Build.0 = Release|Any CPU
		{D06B52C3-B42A-4FAF-A938-B0D2E5AD0F44}.Debug|Any CPU.ActiveCfg = Debug|Any CPU
		{D06B52C3-B42A-4FAF-A938-B0D2E5AD0F44}.Debug|Any CPU.Build.0 = Debug|Any CPU
		{D06B52C3-B42A-4FAF-A938-B0D2E5AD0F44}.Debug|x64.ActiveCfg = Debug|Any CPU
		{D06B52C3-B42A-4FAF-A938-B0D2E5AD0F44}.Debug|x64.Build.0 = Debug|Any CPU
		{D06B52C3-B42A-4FAF-A938-B0D2E5AD0F44}.Debug|x86.ActiveCfg = Debug|Any CPU
		{D06B52C3-B42A-4FAF-A938-B0D2E5AD0F44}.Debug|x86.Build.0 = Debug|Any CPU
		{D06B52C3-B42A-4FAF-A938-B0D2E5AD0F44}.Release|Any CPU.ActiveCfg = Release|Any CPU
		{D06B52C3-B42A-4FAF-A938-B0D2E5AD0F44}.Release|Any CPU.Build.0 = Release|Any CPU
		{D06B52C3-B42A-4FAF-A938-B0D2E5AD0F44}.Release|x64.ActiveCfg = Release|Any CPU
		{D06B52C3-B42A-4FAF-A938-B0D2E5AD0F44}.Release|x64.Build.0 = Release|Any CPU
		{D06B52C3-B42A-4FAF-A938-B0D2E5AD0F44}.Release|x86.ActiveCfg = Release|Any CPU
		{D06B52C3-B42A-4FAF-A938-B0D2E5AD0F44}.Release|x86.Build.0 = Release|Any CPU
	EndGlobalSection
	GlobalSection(NestedProjects) = preSolution
		{3701F262-4697-42BD-BFA7-C2E245CEFB91} = {593FEFB7-A2C5-449B-8ED9-31C771C72EC3}
		{D16DE252-F7DA-45D4-AE1D-9F263672CFC1} = {593FEFB7-A2C5-449B-8ED9-31C771C72EC3}
		{05D2B20D-7CA9-4323-9163-71DD6FA64E7A} = {593FEFB7-A2C5-449B-8ED9-31C771C72EC3}
		{A786FF30-525A-4C4C-A1F1-A4E408D503AD} = {593FEFB7-A2C5-449B-8ED9-31C771C72EC3}
		{D06B52C3-B42A-4FAF-A938-B0D2E5AD0F44} = {593FEFB7-A2C5-449B-8ED9-31C771C72EC3}
	EndGlobalSection
EndGlobal
